
Microsoft Visual Studio Solution File, Format Version 12.00
# Visual Studio Version 17
VisualStudioVersion = 17.11.35312.102
MinimumVisualStudioVersion = 10.0.40219.1
Project("{9A19103F-16F7-4668-BE54-9A1E7A4F7556}") = "KlinikH.Web", "KlinikH\KlinikH.Web.csproj", "{45B9F565-E281-43BF-80F0-81159029F29B}"
EndProject
Project("{9A19103F-16F7-4668-BE54-9A1E7A4F7556}") = "KlinikH.Application", "KlinikH.Application\KlinikH.Application.csproj", "{E19CBE8A-AE64-4DCD-B7C4-6011BBD92A05}"
EndProject
Project("{9A19103F-16F7-4668-BE54-9A1E7A4F7556}") = "KlinikH.Domain", "KlinikH.Domain\KlinikH.Domain.csproj", "{EE988B6C-0F03-4B16-A0D7-00B0628921C5}"
EndProject
Project("{9A19103F-16F7-4668-BE54-9A1E7A4F7556}") = "KlinikH.Infrastructure", "KlinikH.Infrastructure\KlinikH.Infrastructure.csproj", "{0519299F-F2DE-4E7A-B176-25B81C35CBE4}"
EndProject
Project("{9A19103F-16F7-4668-BE54-9A1E7A4F7556}") = "KlinikH.Tests", "KlinikH.Tests\KlinikH.Tests.csproj", "{75CA8F22-EE78-4AA8-ABA3-BB042C83CAB7}"
EndProject
Global
	GlobalSection(SolutionConfigurationPlatforms) = preSolution
		Debug|Any CPU = Debug|Any CPU
		Release|Any CPU = Release|Any CPU
	EndGlobalSection
	GlobalSection(ProjectConfigurationPlatforms) = postSolution
		{45B9F565-E281-43BF-80F0-81159029F29B}.Debug|Any CPU.ActiveCfg = Debug|Any CPU
		{45B9F565-E281-43BF-80F0-81159029F29B}.Debug|Any CPU.Build.0 = Debug|Any CPU
		{45B9F565-E281-43BF-80F0-81159029F29B}.Release|Any CPU.ActiveCfg = Release|Any CPU
		{45B9F565-E281-43BF-80F0-81159029F29B}.Release|Any CPU.Build.0 = Release|Any CPU
		{E19CBE8A-AE64-4DCD-B7C4-6011BBD92A05}.Debug|Any CPU.ActiveCfg = Debug|Any CPU
		{E19CBE8A-AE64-4DCD-B7C4-6011BBD92A05}.Debug|Any CPU.Build.0 = Debug|Any CPU
		{E19CBE8A-AE64-4DCD-B7C4-6011BBD92A05}.Release|Any CPU.ActiveCfg = Release|Any CPU
		{E19CBE8A-AE64-4DCD-B7C4-6011BBD92A05}.Release|Any CPU.Build.0 = Release|Any CPU
		{EE988B6C-0F03-4B16-A0D7-00B0628921C5}.Debug|Any CPU.ActiveCfg = Debug|Any CPU
		{EE988B6C-0F03-4B16-A0D7-00B0628921C5}.Debug|Any CPU.Build.0 = Debug|Any CPU
		{EE988B6C-0F03-4B16-A0D7-00B0628921C5}.Release|Any CPU.ActiveCfg = Release|Any CPU
		{EE988B6C-0F03-4B16-A0D7-00B0628921C5}.Release|Any CPU.Build.0 = Release|Any CPU
		{0519299F-F2DE-4E7A-B176-25B81C35CBE4}.Debug|Any CPU.ActiveCfg = Debug|Any CPU
		{0519299F-F2DE-4E7A-B176-25B81C35CBE4}.Debug|Any CPU.Build.0 = Debug|Any CPU
		{0519299F-F2DE-4E7A-B176-25B81C35CBE4}.Release|Any CPU.ActiveCfg = Release|Any CPU
		{0519299F-F2DE-4E7A-B176-25B81C35CBE4}.Release|Any CPU.Build.0 = Release|Any CPU
		{75CA8F22-EE78-4AA8-ABA3-BB042C83CAB7}.Debug|Any CPU.ActiveCfg = Debug|Any CPU
		{75CA8F22-EE78-4AA8-ABA3-BB042C83CAB7}.Debug|Any CPU.Build.0 = Debug|Any CPU
		{75CA8F22-EE78-4AA8-ABA3-BB042C83CAB7}.Release|Any CPU.ActiveCfg = Release|Any CPU
		{75CA8F22-EE78-4AA8-ABA3-BB042C83CAB7}.Release|Any CPU.Build.0 = Release|Any CPU
	EndGlobalSection
	GlobalSection(SolutionProperties) = preSolution
		HideSolutionNode = FALSE
	EndGlobalSection
	GlobalSection(ExtensibilityGlobals) = postSolution
		SolutionGuid = {01AF0351-57F5-4776-87AA-83311B5B3FE5}
	EndGlobalSection
EndGlobal
